
Microsoft Visual Studio Solution File, Format Version 11.00
# Visual Studio 2010
Project("{FAE04EC0-301F-11D3-BF4B-00C04F79EFBC}") = "SwitchedLauncher", "SwitchedLauncher\SwitchedLauncher.csproj", "{8863223D-4273-4AE8-9465-6E5D682B20FF}"
EndProject
Global
	GlobalSection(SolutionConfigurationPlatforms) = preSolution
		Debug|Any CPU = Debug|Any CPU
		Release|Any CPU = Release|Any CPU
	EndGlobalSection
	GlobalSection(ProjectConfigurationPlatforms) = postSolution
		{8863223D-4273-4AE8-9465-6E5D682B20FF}.Debug|Any CPU.ActiveCfg = Debug|Any CPU
		{8863223D-4273-4AE8-9465-6E5D682B20FF}.Debug|Any CPU.Build.0 = Debug|Any CPU
		{8863223D-4273-4AE8-9465-6E5D682B20FF}.Release|Any CPU.ActiveCfg = Release|Any CPU
		{8863223D-4273-4AE8-9465-6E5D682B20FF}.Release|Any CPU.Build.0 = Release|Any CPU
	EndGlobalSection
	GlobalSection(SolutionProperties) = preSolution
		HideSolutionNode = FALSE
	EndGlobalSection
EndGlobal
